
Microsoft Visual Studio Solution File, Format Version 12.00
# Visual Studio Version 17
VisualStudioVersion = 17.10.34607.79
MinimumVisualStudioVersion = 10.0.40219.1
Project("{FAE04EC0-301F-11D3-BF4B-00C04F79EFBC}") = "Module_16_ADO_WPF_HomeWork", "Module_16_ADO_WPF_HomeWork.csproj", "{74E18560-8AAD-4256-AC71-B24DC19CC3CD}"
EndProject
Global
	GlobalSection(SolutionConfigurationPlatforms) = preSolution
		Debug|Any CPU = Debug|Any CPU
		Release|Any CPU = Release|Any CPU
	EndGlobalSection
	GlobalSection(ProjectConfigurationPlatforms) = postSolution
		{74E18560-8AAD-4256-AC71-B24DC19CC3CD}.Debug|Any CPU.ActiveCfg = Debug|Any CPU
		{74E18560-8AAD-4256-AC71-B24DC19CC3CD}.Debug|Any CPU.Build.0 = Debug|Any CPU
		{74E18560-8AAD-4256-AC71-B24DC19CC3CD}.Release|Any CPU.ActiveCfg = Release|Any CPU
		{74E18560-8AAD-4256-AC71-B24DC19CC3CD}.Release|Any CPU.Build.0 = Release|Any CPU
	EndGlobalSection
	GlobalSection(SolutionProperties) = preSolution
		HideSolutionNode = FALSE
	EndGlobalSection
	GlobalSection(ExtensibilityGlobals) = postSolution
		SolutionGuid = {A4C48781-E0F6-441B-80F0-DAB21AA5C6F7}
	EndGlobalSection
EndGlobal
